
Microsoft Visual Studio Solution File, Format Version 12.00
# Visual Studio Version 17
VisualStudioVersion = 17.8.34525.116
MinimumVisualStudioVersion = 10.0.40219.1
Project("{FAE04EC0-301F-11D3-BF4B-00C04F79EFBC}") = "Server", "Server\Server.csproj", "{AFBD65C5-CB40-49E3-8FEA-7B06DBAC6980}"
EndProject
Project("{FAE04EC0-301F-11D3-BF4B-00C04F79EFBC}") = "Client1", "Client1\Client1.csproj", "{DE3EE59F-84FB-41F1-B9A3-36705D2D8DFF}"
EndProject
Project("{FAE04EC0-301F-11D3-BF4B-00C04F79EFBC}") = "Client2", "Client2\Client2.csproj", "{9C54648B-834F-4E87-AA14-96D5F10E950D}"
EndProject
Global
	GlobalSection(SolutionConfigurationPlatforms) = preSolution
		Debug|Any CPU = Debug|Any CPU
		Release|Any CPU = Release|Any CPU
	EndGlobalSection
	GlobalSection(ProjectConfigurationPlatforms) = postSolution
		{AFBD65C5-CB40-49E3-8FEA-7B06DBAC6980}.Debug|Any CPU.ActiveCfg = Debug|Any CPU
		{AFBD65C5-CB40-49E3-8FEA-7B06DBAC6980}.Debug|Any CPU.Build.0 = Debug|Any CPU
		{AFBD65C5-CB40-49E3-8FEA-7B06DBAC6980}.Release|Any CPU.ActiveCfg = Release|Any CPU
		{AFBD65C5-CB40-49E3-8FEA-7B06DBAC6980}.Release|Any CPU.Build.0 = Release|Any CPU
		{DE3EE59F-84FB-41F1-B9A3-36705D2D8DFF}.Debug|Any CPU.ActiveCfg = Debug|Any CPU
		{DE3EE59F-84FB-41F1-B9A3-36705D2D8DFF}.Debug|Any CPU.Build.0 = Debug|Any CPU
		{DE3EE59F-84FB-41F1-B9A3-36705D2D8DFF}.Release|Any CPU.ActiveCfg = Release|Any CPU
		{DE3EE59F-84FB-41F1-B9A3-36705D2D8DFF}.Release|Any CPU.Build.0 = Release|Any CPU
		{9C54648B-834F-4E87-AA14-96D5F10E950D}.Debug|Any CPU.ActiveCfg = Debug|Any CPU
		{9C54648B-834F-4E87-AA14-96D5F10E950D}.Debug|Any CPU.Build.0 = Debug|Any CPU
		{9C54648B-834F-4E87-AA14-96D5F10E950D}.Release|Any CPU.ActiveCfg = Release|Any CPU
		{9C54648B-834F-4E87-AA14-96D5F10E950D}.Release|Any CPU.Build.0 = Release|Any CPU
	EndGlobalSection
	GlobalSection(SolutionProperties) = preSolution
		HideSolutionNode = FALSE
	EndGlobalSection
	GlobalSection(ExtensibilityGlobals) = postSolution
		SolutionGuid = {037A1043-B4EE-488B-8EF9-1140B2A248C6}
	EndGlobalSection
EndGlobal
